
Microsoft Visual Studio Solution File, Format Version 12.00
Project("{FAE04EC0-301F-11D3-BF4B-00C04F79EFBC}") = "REPO_Rebalanced", "REPO_Rebalanced\REPO_Rebalanced.csproj", "{546274DD-C620-4D6C-9092-071684946090}"
EndProject
Global
	GlobalSection(SolutionConfigurationPlatforms) = preSolution
		Debug|Any CPU = Debug|Any CPU
		Release|Any CPU = Release|Any CPU
	EndGlobalSection
	GlobalSection(ProjectConfigurationPlatforms) = postSolution
		{546274DD-C620-4D6C-9092-071684946090}.Debug|Any CPU.ActiveCfg = Debug|Any CPU
		{546274DD-C620-4D6C-9092-071684946090}.Debug|Any CPU.Build.0 = Debug|Any CPU
		{546274DD-C620-4D6C-9092-071684946090}.Release|Any CPU.ActiveCfg = Release|Any CPU
		{546274DD-C620-4D6C-9092-071684946090}.Release|Any CPU.Build.0 = Release|Any CPU
	EndGlobalSection
EndGlobal
